
Microsoft Visual Studio Solution File, Format Version 12.00
# Visual Studio Version 17
VisualStudioVersion = 17.5.33627.172
MinimumVisualStudioVersion = 10.0.40219.1
Project("{FAE04EC0-301F-11D3-BF4B-00C04F79EFBC}") = "Remap_Day7_BinarySearch", "Remap_Day7_BinarySearch\Remap_Day7_BinarySearch.csproj", "{EAFA8579-CB2D-4F7E-BB0E-849F5B6787E8}"
EndProject
Global
	GlobalSection(SolutionConfigurationPlatforms) = preSolution
		Debug|Any CPU = Debug|Any CPU
		Release|Any CPU = Release|Any CPU
	EndGlobalSection
	GlobalSection(ProjectConfigurationPlatforms) = postSolution
		{EAFA8579-CB2D-4F7E-BB0E-849F5B6787E8}.Debug|Any CPU.ActiveCfg = Debug|Any CPU
		{EAFA8579-CB2D-4F7E-BB0E-849F5B6787E8}.Debug|Any CPU.Build.0 = Debug|Any CPU
		{EAFA8579-CB2D-4F7E-BB0E-849F5B6787E8}.Release|Any CPU.ActiveCfg = Release|Any CPU
		{EAFA8579-CB2D-4F7E-BB0E-849F5B6787E8}.Release|Any CPU.Build.0 = Release|Any CPU
	EndGlobalSection
	GlobalSection(SolutionProperties) = preSolution
		HideSolutionNode = FALSE
	EndGlobalSection
	GlobalSection(ExtensibilityGlobals) = postSolution
		SolutionGuid = {8AE305A1-EBF5-4CB6-830E-67B39831726F}
	EndGlobalSection
EndGlobal
